dependencies:
- name: data-lake
  repository: file://./charts/data-lake
  version: 0.1.0
- name: datahub
  repository: file://./charts/datahub
  version: 0.1.0
- name: spark-operator
  repository: file://./charts/spark-operator
  version: 0.1.0
- name: dolphinscheduler
  repository: file://./charts/dolphinscheduler
  version: 0.1.0
- name: trino
  repository: file://./charts/trino
  version: 0.1.0
- name: clickhouse
  repository: file://./charts/clickhouse
  version: 0.1.0
- name: superset
  repository: file://./charts/superset
  version: 0.1.0
digest: sha256:df1e254ab891fa6195ff581195019903abd404442523e6653cf51a1e5e910754
generated: "2025-10-25T03:27:01.102367909Z"
